
Microsoft Visual Studio Solution File, Format Version 12.00
# Visual Studio Version 17
VisualStudioVersion = 17.5.002.0
MinimumVisualStudioVersion = 10.0.40219.1
Project("{9A19103F-16F7-4668-BE54-9A1E7A4F7556}") = "SchedulerExecutorApplication", "SchedulerExecutorApplication.csproj", "{1B6E477A-CB12-47D0-B280-C6289FA75B84}"
EndProject
Global
	GlobalSection(SolutionConfigurationPlatforms) = preSolution
		Debug|Any CPU = Debug|Any CPU
		Release|Any CPU = Release|Any CPU
	EndGlobalSection
	GlobalSection(ProjectConfigurationPlatforms) = postSolution
		{1B6E477A-CB12-47D0-B280-C6289FA75B84}.Debug|Any CPU.ActiveCfg = Debug|Any CPU
		{1B6E477A-CB12-47D0-B280-C6289FA75B84}.Debug|Any CPU.Build.0 = Debug|Any CPU
		{1B6E477A-CB12-47D0-B280-C6289FA75B84}.Release|Any CPU.ActiveCfg = Release|Any CPU
		{1B6E477A-CB12-47D0-B280-C6289FA75B84}.Release|Any CPU.Build.0 = Release|Any CPU
	EndGlobalSection
	GlobalSection(SolutionProperties) = preSolution
		HideSolutionNode = FALSE
	EndGlobalSection
	GlobalSection(ExtensibilityGlobals) = postSolution
		SolutionGuid = {168CE391-3DF1-47FD-A955-BBD02A198C65}
	EndGlobalSection
EndGlobal
